
Microsoft Visual Studio Solution File, Format Version 12.00
Project("{FAE04EC0-301F-11D3-BF4B-00C04F79EFBC}") = "Mandatum.Generators", "Mandatum.Generators\Mandatum.Generators.csproj", "{20C929AD-5994-46F6-8526-741BFEA108CA}"
EndProject
Global
	GlobalSection(SolutionConfigurationPlatforms) = preSolution
		Debug|Any CPU = Debug|Any CPU
		Release|Any CPU = Release|Any CPU
	EndGlobalSection
	GlobalSection(ProjectConfigurationPlatforms) = postSolution
		{20C929AD-5994-46F6-8526-741BFEA108CA}.Debug|Any CPU.ActiveCfg = Debug|Any CPU
		{20C929AD-5994-46F6-8526-741BFEA108CA}.Debug|Any CPU.Build.0 = Debug|Any CPU
		{20C929AD-5994-46F6-8526-741BFEA108CA}.Release|Any CPU.ActiveCfg = Release|Any CPU
		{20C929AD-5994-46F6-8526-741BFEA108CA}.Release|Any CPU.Build.0 = Release|Any CPU
	EndGlobalSection
EndGlobal
